
Microsoft Visual Studio Solution File, Format Version 12.00
# Visual Studio Version 16
VisualStudioVersion = 16.0.29613.14
MinimumVisualStudioVersion = 10.0.40219.1
Project("{FAE04EC0-301F-11D3-BF4B-00C04F79EFBC}") = "stagaire", "stagaire.csproj", "{257B5D53-2246-4DD7-BA9F-44075C37F37C}"
EndProject
Global
	GlobalSection(SolutionConfigurationPlatforms) = preSolution
		Debug|Any CPU = Debug|Any CPU
		Release|Any CPU = Release|Any CPU
	EndGlobalSection
	GlobalSection(ProjectConfigurationPlatforms) = postSolution
		{257B5D53-2246-4DD7-BA9F-44075C37F37C}.Debug|Any CPU.ActiveCfg = Debug|Any CPU
		{257B5D53-2246-4DD7-BA9F-44075C37F37C}.Debug|Any CPU.Build.0 = Debug|Any CPU
		{257B5D53-2246-4DD7-BA9F-44075C37F37C}.Release|Any CPU.ActiveCfg = Release|Any CPU
		{257B5D53-2246-4DD7-BA9F-44075C37F37C}.Release|Any CPU.Build.0 = Release|Any CPU
	EndGlobalSection
	GlobalSection(SolutionProperties) = preSolution
		HideSolutionNode = FALSE
	EndGlobalSection
	GlobalSection(ExtensibilityGlobals) = postSolution
		SolutionGuid = {9481510F-CBFD-490B-A6BB-0215E09591D3}
	EndGlobalSection
EndGlobal
